
Microsoft Visual Studio Solution File, Format Version 12.00
# Visual Studio Version 16
VisualStudioVersion = 16.0.31005.135
MinimumVisualStudioVersion = 10.0.40219.1
Project("{FAE04EC0-301F-11D3-BF4B-00C04F79EFBC}") = "ConsoleAppLC", "ConsoleAppLC\ConsoleAppLC.csproj", "{0CB62206-7DF7-46E4-826A-AAD55D48E370}"
EndProject
Global
	GlobalSection(SolutionConfigurationPlatforms) = preSolution
		Debug|Any CPU = Debug|Any CPU
		Release|Any CPU = Release|Any CPU
	EndGlobalSection
	GlobalSection(ProjectConfigurationPlatforms) = postSolution
		{0CB62206-7DF7-46E4-826A-AAD55D48E370}.Debug|Any CPU.ActiveCfg = Debug|Any CPU
		{0CB62206-7DF7-46E4-826A-AAD55D48E370}.Debug|Any CPU.Build.0 = Debug|Any CPU
		{0CB62206-7DF7-46E4-826A-AAD55D48E370}.Release|Any CPU.ActiveCfg = Release|Any CPU
		{0CB62206-7DF7-46E4-826A-AAD55D48E370}.Release|Any CPU.Build.0 = Release|Any CPU
	EndGlobalSection
	GlobalSection(SolutionProperties) = preSolution
		HideSolutionNode = FALSE
	EndGlobalSection
	GlobalSection(ExtensibilityGlobals) = postSolution
		SolutionGuid = {EF49B2FB-A7B5-47AF-8974-5ED876ABA3C7}
	EndGlobalSection
EndGlobal
